<?xml version="1.0" encoding="utf-8"?>
<Project ToolsVersion="4.0" xmlns="http://schemas.microsoft.com/developer/msbuild/2003">
  <ItemGroup>
    <Filter Include="1 Header Files">
      <UniqueIdentifier>{7bccbaa4-ec62-4c09-8a0c-2d19a17dd91b}</UniqueIdentifier>
      <Extensions>h;hpp;hxx;hm;inl</Extensions>
    </Filter>
    <Filter Include="3 Resource Files">
      <UniqueIdentifier>{d134181e-971f-43cb-a35f-3d9411a4fdc5}</UniqueIdentifier>
      <Extensions>ico;cur;bmp;dlg;rc2;rct;bin;rgs;gif;jpg;jpeg;jpe</Extensions>
    </Filter>
    <Filter Include="2 Source Files">
      <UniqueIdentifier>{14a9bbcc-c4d9-4093-b9ed-b89400d4d36b}</UniqueIdentifier>
      <Extensions>cpp;c;cxx;rc;def;r;odl;idl;hpj;bat</Extensions>
    </Filter>
    <Filter Include="4 Dist Files">
      <UniqueIdentifier>{62227d55-13ef-4639-b6e0-4bd7aa769e77}</UniqueIdentifier>
    </Filter>
  </ItemGroup>
  <ItemGroup>
    <ClCompile Include="MainFrm.cpp">
      <Filter>2 Source Files</Filter>
    </ClCompile>
    <ClCompile Include="SimpBrowser.cpp">
      <Filter>2 Source Files</Filter>
    </ClCompile>
    <ClCompile Include="SimpBrowserDoc.cpp">
      <Filter>2 Source Files</Filter>
    </ClCompile>
    <ClCompile Include="SimpBrowserView.cpp">
      <Filter>2 Source Files</Filter>
    </ClCompile>
    <ClCompile Include="StdAfx.cpp">
      <Filter>2 Source Files</Filter>
    </ClCompile>
    <ClCompile Include="SubDocument.cpp">
      <Filter>2 Source Files</Filter>
    </ClCompile>
    <ClCompile Include="SubView.cpp">
      <Filter>2 Source Files</Filter>
    </ClCompile>
    <ClCompile Include="..\lsMisc\CreateFolderIniPath.cpp">
      <Filter>2 Source Files</Filter>
    </ClCompile>
    <ClCompile Include="..\lsMisc\GetClipboardText.cpp">
      <Filter>2 Source Files</Filter>
    </ClCompile>
    <ClCompile Include="..\lsMisc\GetFileNameFromHwnd.cpp">
      <Filter>2 Source Files</Filter>
    </ClCompile>
    <ClCompile Include="..\lsMisc\GetLastErrorString.cpp">
      <Filter>2 Source Files</Filter>
    </ClCompile>
    <ClCompile Include="..\lsMisc\GetSpecialFolderPath.cpp">
      <Filter>2 Source Files</Filter>
    </ClCompile>
    <ClCompile Include="..\lsMisc\UTF16toUTF8.cpp">
      <Filter>2 Source Files</Filter>
    </ClCompile>
    <ClCompile Include="..\lsMisc\CreateCompleteDirectory.cpp">
      <Filter>2 Source Files</Filter>
    </ClCompile>
    <ClCompile Include="..\lsMisc\stdwin32\stdwin32.cpp">
      <Filter>2 Source Files</Filter>
    </ClCompile>
  </ItemGroup>
  <ItemGroup>
    <ResourceCompile Include="SimpBrowser.rc">
      <Filter>2 Source Files</Filter>
    </ResourceCompile>
  </ItemGroup>
  <ItemGroup>
    <ClInclude Include="MainFrm.h">
      <Filter>1 Header Files</Filter>
    </ClInclude>
    <ClInclude Include="Resource.h">
      <Filter>1 Header Files</Filter>
    </ClInclude>
    <ClInclude Include="SimpBrowser.h">
      <Filter>1 Header Files</Filter>
    </ClInclude>
    <ClInclude Include="SimpBrowserDoc.h">
      <Filter>1 Header Files</Filter>
    </ClInclude>
    <ClInclude Include="SimpBrowserView.h">
      <Filter>1 Header Files</Filter>
    </ClInclude>
    <ClInclude Include="StdAfx.h">
      <Filter>1 Header Files</Filter>
    </ClInclude>
    <ClInclude Include="SubDocument.h">
      <Filter>1 Header Files</Filter>
    </ClInclude>
    <ClInclude Include="SubView.h">
      <Filter>1 Header Files</Filter>
    </ClInclude>
    <ClInclude Include="..\lsMisc\CBool.h">
      <Filter>1 Header Files</Filter>
    </ClInclude>
    <ClInclude Include="..\lsMisc\CreateFolderIniPath.h">
      <Filter>1 Header Files</Filter>
    </ClInclude>
    <ClInclude Include="..\lsMisc\GetClipboardText.h">
      <Filter>1 Header Files</Filter>
    </ClInclude>
    <ClInclude Include="..\lsMisc\GetFileNameFromHwnd.h">
      <Filter>1 Header Files</Filter>
    </ClInclude>
    <ClInclude Include="..\lsMisc\GetLastErrorString.h">
      <Filter>1 Header Files</Filter>
    </ClInclude>
    <ClInclude Include="..\lsMisc\GetSpecialFolderPath.h">
      <Filter>1 Header Files</Filter>
    </ClInclude>
    <ClInclude Include="..\lsMisc\UTF16toUTF8.h">
      <Filter>1 Header Files</Filter>
    </ClInclude>
    <ClInclude Include="..\lsMisc\CreateCompleteDirectory.h">
      <Filter>1 Header Files</Filter>
    </ClInclude>
    <ClInclude Include="..\lsMisc\stdwin32\stdwin32.h">
      <Filter>1 Header Files</Filter>
    </ClInclude>
  </ItemGroup>
  <ItemGroup>
    <Image Include="res\SimpBrowser.ico">
      <Filter>3 Resource Files</Filter>
    </Image>
    <Image Include="res\SimpBrowserDoc.ico">
      <Filter>3 Resource Files</Filter>
    </Image>
  </ItemGroup>
  <ItemGroup>
    <CustomBuild Include="res\SimpBrowser.rc2">
      <Filter>3 Resource Files</Filter>
    </CustomBuild>
  </ItemGroup>
  <ItemGroup>
    <Text Include="History.txt">
      <Filter>4 Dist Files</Filter>
    </Text>
  </ItemGroup>
  <ItemGroup>
    <None Include="LICENSE">
      <Filter>4 Dist Files</Filter>
    </None>
    <None Include="README.md">
      <Filter>4 Dist Files</Filter>
    </None>
  </ItemGroup>
</Project>